
Microsoft Visual Studio Solution File, Format Version 12.00
# Visual Studio Version 17
VisualStudioVersion = 17.1.32328.378
MinimumVisualStudioVersion = 10.0.40219.1
Project("{FAE04EC0-301F-11D3-BF4B-00C04F79EFBC}") = "FIT5032Assignment", "FIT5032Assignment.csproj", "{3D511EBF-D2D9-4A14-B4DD-48A1EA38114B}"
EndProject
Global
	GlobalSection(SolutionConfigurationPlatforms) = preSolution
		Debug|Any CPU = Debug|Any CPU
		Release|Any CPU = Release|Any CPU
	EndGlobalSection
	GlobalSection(ProjectConfigurationPlatforms) = postSolution
		{3D511EBF-D2D9-4A14-B4DD-48A1EA38114B}.Debug|Any CPU.ActiveCfg = Debug|Any CPU
		{3D511EBF-D2D9-4A14-B4DD-48A1EA38114B}.Debug|Any CPU.Build.0 = Debug|Any CPU
		{3D511EBF-D2D9-4A14-B4DD-48A1EA38114B}.Release|Any CPU.ActiveCfg = Release|Any CPU
		{3D511EBF-D2D9-4A14-B4DD-48A1EA38114B}.Release|Any CPU.Build.0 = Release|Any CPU
	EndGlobalSection
	GlobalSection(SolutionProperties) = preSolution
		HideSolutionNode = FALSE
	EndGlobalSection
	GlobalSection(ExtensibilityGlobals) = postSolution
		SolutionGuid = {795E79A6-4CCA-4A13-890A-B415E63E77FB}
	EndGlobalSection
EndGlobal
