
Microsoft Visual Studio Solution File, Format Version 12.00
# Visual Studio Version 17
VisualStudioVersion = 17.2.32630.192
MinimumVisualStudioVersion = 10.0.40219.1
Project("{FAE04EC0-301F-11D3-BF4B-00C04F79EFBC}") = "FIT5032_MyFirstWebApplication", "FIT5032_MyFirstWebApplication.csproj", "{FC1F4D1B-EAFC-4DDB-AC74-085B9ADAE360}"
EndProject
Project("{FAE04EC0-301F-11D3-BF4B-00C04F79EFBC}") = "FIT5032_MyFirstWebApplication.Tests", "..\FIT5032_MyFirstWebApplication.Tests\FIT5032_MyFirstWebApplication.Tests.csproj", "{5F8F6BAB-1B8E-4FD3-AC12-170C1BD20133}"
EndProject
Global
	GlobalSection(SolutionConfigurationPlatforms) = preSolution
		Debug|Any CPU = Debug|Any CPU
		Release|Any CPU = Release|Any CPU
	EndGlobalSection
	GlobalSection(ProjectConfigurationPlatforms) = postSolution
		{FC1F4D1B-EAFC-4DDB-AC74-085B9ADAE360}.Debug|Any CPU.ActiveCfg = Debug|Any CPU
		{FC1F4D1B-EAFC-4DDB-AC74-085B9ADAE360}.Debug|Any CPU.Build.0 = Debug|Any CPU
		{FC1F4D1B-EAFC-4DDB-AC74-085B9ADAE360}.Release|Any CPU.ActiveCfg = Release|Any CPU
		{FC1F4D1B-EAFC-4DDB-AC74-085B9ADAE360}.Release|Any CPU.Build.0 = Release|Any CPU
		{5F8F6BAB-1B8E-4FD3-AC12-170C1BD20133}.Debug|Any CPU.ActiveCfg = Debug|Any CPU
		{5F8F6BAB-1B8E-4FD3-AC12-170C1BD20133}.Debug|Any CPU.Build.0 = Debug|Any CPU
		{5F8F6BAB-1B8E-4FD3-AC12-170C1BD20133}.Release|Any CPU.ActiveCfg = Release|Any CPU
		{5F8F6BAB-1B8E-4FD3-AC12-170C1BD20133}.Release|Any CPU.Build.0 = Release|Any CPU
	EndGlobalSection
	GlobalSection(SolutionProperties) = preSolution
		HideSolutionNode = FALSE
	EndGlobalSection
	GlobalSection(ExtensibilityGlobals) = postSolution
		SolutionGuid = {A4A111B5-D926-4D1D-B16A-2F087D459E43}
	EndGlobalSection
EndGlobal
