
Microsoft Visual Studio Solution File, Format Version 12.00
# Visual Studio Version 17
VisualStudioVersion = 17.1.32328.378
MinimumVisualStudioVersion = 10.0.40219.1
Project("{FAE04EC0-301F-11D3-BF4B-00C04F79EFBC}") = "FIT5032_MyFirstAPI", "FIT5032_MyFirstAPI\FIT5032_MyFirstAPI.csproj", "{50A5B345-2154-4765-8D55-DEB08EEBFDAC}"
EndProject
Global
	GlobalSection(SolutionConfigurationPlatforms) = preSolution
		Debug|Any CPU = Debug|Any CPU
		Release|Any CPU = Release|Any CPU
	EndGlobalSection
	GlobalSection(ProjectConfigurationPlatforms) = postSolution
		{50A5B345-2154-4765-8D55-DEB08EEBFDAC}.Debug|Any CPU.ActiveCfg = Debug|Any CPU
		{50A5B345-2154-4765-8D55-DEB08EEBFDAC}.Debug|Any CPU.Build.0 = Debug|Any CPU
		{50A5B345-2154-4765-8D55-DEB08EEBFDAC}.Release|Any CPU.ActiveCfg = Release|Any CPU
		{50A5B345-2154-4765-8D55-DEB08EEBFDAC}.Release|Any CPU.Build.0 = Release|Any CPU
	EndGlobalSection
	GlobalSection(SolutionProperties) = preSolution
		HideSolutionNode = FALSE
	EndGlobalSection
	GlobalSection(ExtensibilityGlobals) = postSolution
		SolutionGuid = {A38D7604-243D-4D0F-AA4B-767715EBF9BB}
	EndGlobalSection
EndGlobal
