
Microsoft Visual Studio Solution File, Format Version 12.00
# Visual Studio Version 17
VisualStudioVersion = 17.2.32630.192
MinimumVisualStudioVersion = 10.0.40219.1
Project("{FAE04EC0-301F-11D3-BF4B-00C04F79EFBC}") = "FIT5032_WebAuthentication", "FIT5032_WebAuthentication\FIT5032_WebAuthentication.csproj", "{DC87A520-7CA4-4D74-B466-401AC8239F67}"
EndProject
Global
	GlobalSection(SolutionConfigurationPlatforms) = preSolution
		Debug|Any CPU = Debug|Any CPU
		Release|Any CPU = Release|Any CPU
	EndGlobalSection
	GlobalSection(ProjectConfigurationPlatforms) = postSolution
		{DC87A520-7CA4-4D74-B466-401AC8239F67}.Debug|Any CPU.ActiveCfg = Debug|Any CPU
		{DC87A520-7CA4-4D74-B466-401AC8239F67}.Debug|Any CPU.Build.0 = Debug|Any CPU
		{DC87A520-7CA4-4D74-B466-401AC8239F67}.Release|Any CPU.ActiveCfg = Release|Any CPU
		{DC87A520-7CA4-4D74-B466-401AC8239F67}.Release|Any CPU.Build.0 = Release|Any CPU
	EndGlobalSection
	GlobalSection(SolutionProperties) = preSolution
		HideSolutionNode = FALSE
	EndGlobalSection
	GlobalSection(ExtensibilityGlobals) = postSolution
		SolutionGuid = {8F41AC0B-6119-4555-91B5-6E4EC5017E14}
	EndGlobalSection
EndGlobal
