
Microsoft Visual Studio Solution File, Format Version 12.00
# Visual Studio Version 17
VisualStudioVersion = 17.2.32630.192
MinimumVisualStudioVersion = 10.0.40219.1
Project("{FAE04EC0-301F-11D3-BF4B-00C04F79EFBC}") = "FIT5032_CodeFirstModel", "FIT5032_CodeFirstModel\FIT5032_CodeFirstModel.csproj", "{9A8850AE-3B50-4E0B-A4D8-3E33B2456EDB}"
EndProject
Global
	GlobalSection(SolutionConfigurationPlatforms) = preSolution
		Debug|Any CPU = Debug|Any CPU
		Release|Any CPU = Release|Any CPU
	EndGlobalSection
	GlobalSection(ProjectConfigurationPlatforms) = postSolution
		{9A8850AE-3B50-4E0B-A4D8-3E33B2456EDB}.Debug|Any CPU.ActiveCfg = Debug|Any CPU
		{9A8850AE-3B50-4E0B-A4D8-3E33B2456EDB}.Debug|Any CPU.Build.0 = Debug|Any CPU
		{9A8850AE-3B50-4E0B-A4D8-3E33B2456EDB}.Release|Any CPU.ActiveCfg = Release|Any CPU
		{9A8850AE-3B50-4E0B-A4D8-3E33B2456EDB}.Release|Any CPU.Build.0 = Release|Any CPU
	EndGlobalSection
	GlobalSection(SolutionProperties) = preSolution
		HideSolutionNode = FALSE
	EndGlobalSection
	GlobalSection(ExtensibilityGlobals) = postSolution
		SolutionGuid = {6D1EB1C6-4145-484D-AA54-A4AA91B678E9}
	EndGlobalSection
EndGlobal
