
Microsoft Visual Studio Solution File, Format Version 12.00
# Visual Studio Version 17
VisualStudioVersion = 17.1.32328.378
MinimumVisualStudioVersion = 10.0.40219.1
Project("{FAE04EC0-301F-11D3-BF4B-00C04F79EFBC}") = "FIT5032_MyFirstUnitTests", "FIT5032_MyFirstUnitTests\FIT5032_MyFirstUnitTests.csproj", "{F4C86754-C5FA-4F68-8544-04552B771F45}"
EndProject
Project("{FAE04EC0-301F-11D3-BF4B-00C04F79EFBC}") = "FIT5032_MyFirstUnitTests.Tests", "FIT5032_MyFirstUnitTests.Tests\FIT5032_MyFirstUnitTests.Tests.csproj", "{78DD244D-1B09-4F89-A64A-B592C464DB8D}"
EndProject
Global
	GlobalSection(SolutionConfigurationPlatforms) = preSolution
		Debug|Any CPU = Debug|Any CPU
		Release|Any CPU = Release|Any CPU
	EndGlobalSection
	GlobalSection(ProjectConfigurationPlatforms) = postSolution
		{F4C86754-C5FA-4F68-8544-04552B771F45}.Debug|Any CPU.ActiveCfg = Debug|Any CPU
		{F4C86754-C5FA-4F68-8544-04552B771F45}.Debug|Any CPU.Build.0 = Debug|Any CPU
		{F4C86754-C5FA-4F68-8544-04552B771F45}.Release|Any CPU.ActiveCfg = Release|Any CPU
		{F4C86754-C5FA-4F68-8544-04552B771F45}.Release|Any CPU.Build.0 = Release|Any CPU
		{78DD244D-1B09-4F89-A64A-B592C464DB8D}.Debug|Any CPU.ActiveCfg = Debug|Any CPU
		{78DD244D-1B09-4F89-A64A-B592C464DB8D}.Debug|Any CPU.Build.0 = Debug|Any CPU
		{78DD244D-1B09-4F89-A64A-B592C464DB8D}.Release|Any CPU.ActiveCfg = Release|Any CPU
		{78DD244D-1B09-4F89-A64A-B592C464DB8D}.Release|Any CPU.Build.0 = Release|Any CPU
	EndGlobalSection
	GlobalSection(SolutionProperties) = preSolution
		HideSolutionNode = FALSE
	EndGlobalSection
	GlobalSection(ExtensibilityGlobals) = postSolution
		SolutionGuid = {2042A3C0-B4C5-4EB4-B4DD-5D14421A5DD3}
	EndGlobalSection
EndGlobal
